
Microsoft Visual Studio Solution File, Format Version 12.00
# Visual Studio Version 17
VisualStudioVersion = 17.0.32126.317
MinimumVisualStudioVersion = 10.0.40219.1
Project("{9A19103F-16F7-4668-BE54-9A1E7A4F7556}") = "TecnicService", "iTaksiTecnicService\TecnicService.csproj", "{64DA455F-92BE-48EC-A585-7FF6D1450EAF}"
EndProject
Project("{9A19103F-16F7-4668-BE54-9A1E7A4F7556}") = "Core", "Core\Core.csproj", "{FA5FB183-668F-4293-BF8F-6FB62C5417F3}"
EndProject
Project("{9A19103F-16F7-4668-BE54-9A1E7A4F7556}") = "Data", "Data\Data.csproj", "{C74CA6C0-32D9-4A01-9FB5-1790D2F10E38}"
EndProject
Project("{9A19103F-16F7-4668-BE54-9A1E7A4F7556}") = "Business", "Business\Business.csproj", "{5057A03F-EA1C-4D16-93A0-C8D042F1DFD5}"
EndProject
Project("{9A19103F-16F7-4668-BE54-9A1E7A4F7556}") = "Entities", "Entities\Entities.csproj", "{3B407DFD-7C3E-4022-B7E0-C3A4E8310D9B}"
EndProject
Global
	GlobalSection(SolutionConfigurationPlatforms) = preSolution
		Debug|Any CPU = Debug|Any CPU
		Release|Any CPU = Release|Any CPU
	EndGlobalSection
	GlobalSection(ProjectConfigurationPlatforms) = postSolution
		{64DA455F-92BE-48EC-A585-7FF6D1450EAF}.Debug|Any CPU.ActiveCfg = Debug|Any CPU
		{64DA455F-92BE-48EC-A585-7FF6D1450EAF}.Debug|Any CPU.Build.0 = Debug|Any CPU
		{64DA455F-92BE-48EC-A585-7FF6D1450EAF}.Release|Any CPU.ActiveCfg = Release|Any CPU
		{64DA455F-92BE-48EC-A585-7FF6D1450EAF}.Release|Any CPU.Build.0 = Release|Any CPU
		{FA5FB183-668F-4293-BF8F-6FB62C5417F3}.Debug|Any CPU.ActiveCfg = Debug|Any CPU
		{FA5FB183-668F-4293-BF8F-6FB62C5417F3}.Debug|Any CPU.Build.0 = Debug|Any CPU
		{FA5FB183-668F-4293-BF8F-6FB62C5417F3}.Release|Any CPU.ActiveCfg = Release|Any CPU
		{FA5FB183-668F-4293-BF8F-6FB62C5417F3}.Release|Any CPU.Build.0 = Release|Any CPU
		{C74CA6C0-32D9-4A01-9FB5-1790D2F10E38}.Debug|Any CPU.ActiveCfg = Debug|Any CPU
		{C74CA6C0-32D9-4A01-9FB5-1790D2F10E38}.Debug|Any CPU.Build.0 = Debug|Any CPU
		{C74CA6C0-32D9-4A01-9FB5-1790D2F10E38}.Release|Any CPU.ActiveCfg = Release|Any CPU
		{C74CA6C0-32D9-4A01-9FB5-1790D2F10E38}.Release|Any CPU.Build.0 = Release|Any CPU
		{5057A03F-EA1C-4D16-93A0-C8D042F1DFD5}.Debug|Any CPU.ActiveCfg = Debug|Any CPU
		{5057A03F-EA1C-4D16-93A0-C8D042F1DFD5}.Debug|Any CPU.Build.0 = Debug|Any CPU
		{5057A03F-EA1C-4D16-93A0-C8D042F1DFD5}.Release|Any CPU.ActiveCfg = Release|Any CPU
		{5057A03F-EA1C-4D16-93A0-C8D042F1DFD5}.Release|Any CPU.Build.0 = Release|Any CPU
		{3B407DFD-7C3E-4022-B7E0-C3A4E8310D9B}.Debug|Any CPU.ActiveCfg = Debug|Any CPU
		{3B407DFD-7C3E-4022-B7E0-C3A4E8310D9B}.Debug|Any CPU.Build.0 = Debug|Any CPU
		{3B407DFD-7C3E-4022-B7E0-C3A4E8310D9B}.Release|Any CPU.ActiveCfg = Release|Any CPU
		{3B407DFD-7C3E-4022-B7E0-C3A4E8310D9B}.Release|Any CPU.Build.0 = Release|Any CPU
	EndGlobalSection
	GlobalSection(SolutionProperties) = preSolution
		HideSolutionNode = FALSE
	EndGlobalSection
	GlobalSection(ExtensibilityGlobals) = postSolution
		SolutionGuid = {D5FD7B3C-7963-49C8-8A38-D9B34337EF13}
	EndGlobalSection
EndGlobal
